# THIS IS AN AUTOGENERATED FILE. DO NOT EDIT THIS FILE DIRECTLY.
# yarn lockfile v1


"@types/blueimp-md5@^2.7.0":
  version "2.7.0"
  resolved "https://registry.npm.taobao.org/@types/blueimp-md5/download/@types/blueimp-md5-2.7.0.tgz#404222806800478ca2782e8ad46590aba7f14627"
  integrity sha1-QEIigGgAR4yieC6K1GWQq6fxRic=

"@types/node@^12.7.12":
  version "12.11.7"
  resolved "https://registry.npm.taobao.org/@types/node/download/@types/node-12.11.7.tgz?cache=0&sync_timestamp=1571939318413&other_urls=https%3A%2F%2Fregistry.npm.taobao.org%2F%40types%2Fnode%2Fdownload%2F%40types%2Fnode-12.11.7.tgz#57682a9771a3f7b09c2497f28129a0462966524a"
  integrity sha1-V2gql3Gj97CcJJfygSmgRilmUko=

blueimp-md5@^2.10.0:
  version "2.12.0"
  resolved "https://registry.npm.taobao.org/blueimp-md5/download/blueimp-md5-2.12.0.tgz#be7367938a889dec3ffbb71138617c117e9c130a"
  integrity sha1-vnNnk4qInew/+7cROGF8EX6cEwo=

translation.js@^0.7.12:
  version "0.7.12"
  resolved "https://registry.npm.taobao.org/translation.js/download/translation.js-0.7.12.tgz#5ac61e964fcb787c750c7d4fcad798fd5090d05e"
  integrity sha1-WsYelk/LeHx1DH1PyteY/VCQ0F4=
  dependencies:
    "@types/blueimp-md5" "^2.7.0"
    "@types/node" "^12.7.12"
    blueimp-md5 "^2.10.0"
    tslib "^1.9.3"

tslib@^1.9.3:
  version "1.10.0"
  resolved "https://registry.npm.taobao.org/tslib/download/tslib-1.10.0.tgz#c3c19f95973fb0a62973fb09d90d961ee43e5c8a"
  integrity sha1-w8GflZc/sKYpc/sJ2Q2WHuQ+XIo=
